
Microsoft Visual Studio Solution File, Format Version 12.00
# Visual Studio Version 16
VisualStudioVersion = 16.0.30802.185
MinimumVisualStudioVersion = 10.0.40219.1
Project("{9A19103F-16F7-4668-BE54-9A1E7A4F7556}") = "BlazorApp1", "BlazorApp1\BlazorApp1.csproj", "{C8098E23-236E-4E5E-A890-204D9558DA8F}"
EndProject
Project("{9A19103F-16F7-4668-BE54-9A1E7A4F7556}") = "TodoList", "TodoList\TodoList.csproj", "{DFEFD6C2-9D93-4FF9-9904-51674EE08234}"
EndProject
Project("{9A19103F-16F7-4668-BE54-9A1E7A4F7556}") = "EmployeeManagement.Models", "EmployeeManagement.Models\EmployeeManagement.Models.csproj", "{289F9ADF-3B6A-4C4A-AB77-FEFB307BADF5}"
EndProject
Project("{9A19103F-16F7-4668-BE54-9A1E7A4F7556}") = "EmployeeManagement.Web", "EmployeeManagement.Web\EmployeeManagement.Web.csproj", "{8F1314CA-EE35-47FC-8638-3989F4DEB71D}"
EndProject
Global
	GlobalSection(SolutionConfigurationPlatforms) = preSolution
		Debug|Any CPU = Debug|Any CPU
		Release|Any CPU = Release|Any CPU
	EndGlobalSection
	GlobalSection(ProjectConfigurationPlatforms) = postSolution
		{C8098E23-236E-4E5E-A890-204D9558DA8F}.Debug|Any CPU.ActiveCfg = Debug|Any CPU
		{C8098E23-236E-4E5E-A890-204D9558DA8F}.Debug|Any CPU.Build.0 = Debug|Any CPU
		{C8098E23-236E-4E5E-A890-204D9558DA8F}.Release|Any CPU.ActiveCfg = Release|Any CPU
		{C8098E23-236E-4E5E-A890-204D9558DA8F}.Release|Any CPU.Build.0 = Release|Any CPU
		{DFEFD6C2-9D93-4FF9-9904-51674EE08234}.Debug|Any CPU.ActiveCfg = Debug|Any CPU
		{DFEFD6C2-9D93-4FF9-9904-51674EE08234}.Debug|Any CPU.Build.0 = Debug|Any CPU
		{DFEFD6C2-9D93-4FF9-9904-51674EE08234}.Release|Any CPU.ActiveCfg = Release|Any CPU
		{DFEFD6C2-9D93-4FF9-9904-51674EE08234}.Release|Any CPU.Build.0 = Release|Any CPU
		{289F9ADF-3B6A-4C4A-AB77-FEFB307BADF5}.Debug|Any CPU.ActiveCfg = Debug|Any CPU
		{289F9ADF-3B6A-4C4A-AB77-FEFB307BADF5}.Debug|Any CPU.Build.0 = Debug|Any CPU
		{289F9ADF-3B6A-4C4A-AB77-FEFB307BADF5}.Release|Any CPU.ActiveCfg = Release|Any CPU
		{289F9ADF-3B6A-4C4A-AB77-FEFB307BADF5}.Release|Any CPU.Build.0 = Release|Any CPU
		{8F1314CA-EE35-47FC-8638-3989F4DEB71D}.Debug|Any CPU.ActiveCfg = Debug|Any CPU
		{8F1314CA-EE35-47FC-8638-3989F4DEB71D}.Debug|Any CPU.Build.0 = Debug|Any CPU
		{8F1314CA-EE35-47FC-8638-3989F4DEB71D}.Release|Any CPU.ActiveCfg = Release|Any CPU
		{8F1314CA-EE35-47FC-8638-3989F4DEB71D}.Release|Any CPU.Build.0 = Release|Any CPU
	EndGlobalSection
	GlobalSection(SolutionProperties) = preSolution
		HideSolutionNode = FALSE
	EndGlobalSection
	GlobalSection(ExtensibilityGlobals) = postSolution
		SolutionGuid = {6BFA239C-3531-434E-B439-C1BC16EE3FA2}
	EndGlobalSection
EndGlobal
